// !$*UTF8*$!
{
	archiveVersion = 1;
	classes = {
	};
	objectVersion = 56;
	objects = {

/* Begin PBXBuildFile section */
		AA689F7629F1BC94003B8CFA /* AppDelegate.swift in Sources */ = {isa = PBXBuildFile; fileRef = AA689F7529F1BC94003B8CFA /* AppDelegate.swift */; };
		AA689F7829F1BC94003B8CFA /* SceneDelegate.swift in Sources */ = {isa = PBXBuildFile; fileRef = AA689F7729F1BC94003B8CFA /* SceneDelegate.swift */; };
		AA689F7A29F1BC94003B8CFA /* HomeController.swift in Sources */ = {isa = PBXBuildFile; fileRef = AA689F7929F1BC94003B8CFA /* HomeController.swift */; };
		AA689F7D29F1BC94003B8CFA /* Main.storyboard in Resources */ = {isa = PBXBuildFile; fileRef = AA689F7B29F1BC94003B8CFA /* Main.storyboard */; };
		AA689F8029F1BC94003B8CFA /* proto_youtube_mock_ios.xcdatamodeld in Sources */ = {isa = PBXBuildFile; fileRef = AA689F7E29F1BC94003B8CFA /* proto_youtube_mock_ios.xcdatamodeld */; };
		AA689F8229F1BC96003B8CFA /* Assets.xcassets in Resources */ = {isa = PBXBuildFile; fileRef = AA689F8129F1BC96003B8CFA /* Assets.xcassets */; };
		AA689F8529F1BC96003B8CFA /* LaunchScreen.storyboard in Resources */ = {isa = PBXBuildFile; fileRef = AA689F8329F1BC96003B8CFA /* LaunchScreen.storyboard */; };
		AA689F9129F1DA8E003B8CFA /* VideoCell.swift in Sources */ = {isa = PBXBuildFile; fileRef = AA689F9029F1DA8E003B8CFA /* VideoCell.swift */; };
		AA689F9429F2C9EF003B8CFA /* String+Extension.swift in Sources */ = {isa = PBXBuildFile; fileRef = AA689F9329F2C9EF003B8CFA /* String+Extension.swift */; };
		AA689F9629F30FFF003B8CFA /* MenuBar.swift in Sources */ = {isa = PBXBuildFile; fileRef = AA689F9529F30FFF003B8CFA /* MenuBar.swift */; };
		AA689F9829F5B3D9003B8CFA /* MenuBarCell.swift in Sources */ = {isa = PBXBuildFile; fileRef = AA689F9729F5B3D9003B8CFA /* MenuBarCell.swift */; };
		AA689F9A29F86099003B8CFA /* UIImageViewFromURL.swift in Sources */ = {isa = PBXBuildFile; fileRef = AA689F9929F86099003B8CFA /* UIImageViewFromURL.swift */; };
/* End PBXBuildFile section */

/* Begin PBXFileReference section */
		AA689F7229F1BC94003B8CFA /* proto-youtube-mock-ios.app */ = {isa = PBXFileReference; explicitFileType = wrapper.application; includeInIndex = 0; path = "proto-youtube-mock-ios.app"; sourceTree = BUILT_PRODUCTS_DIR; };
		AA689F7529F1BC94003B8CFA /* AppDelegate.swift */ = {isa = PBXFileReference; lastKnownFileType = sourcecode.swift; path = AppDelegate.swift; sourceTree = "<group>"; };
		AA689F7729F1BC94003B8CFA /* SceneDelegate.swift */ = {isa = PBXFileReference; lastKnownFileType = sourcecode.swift; path = SceneDelegate.swift; sourceTree = "<group>"; };
		AA689F7929F1BC94003B8CFA /* HomeController.swift */ = {isa = PBXFileReference; lastKnownFileType = sourcecode.swift; path = HomeController.swift; sourceTree = "<group>"; };
		AA689F7C29F1BC94003B8CFA /* Base */ = {isa = PBXFileReference; lastKnownFileType = file.storyboard; name = Base; path = Base.lproj/Main.storyboard; sourceTree = "<group>"; };
		AA689F7F29F1BC94003B8CFA /* proto_youtube_mock_ios.xcdatamodel */ = {isa = PBXFileReference; lastKnownFileType = wrapper.xcdatamodel; path = proto_youtube_mock_ios.xcdatamodel; sourceTree = "<group>"; };
		AA689F8129F1BC96003B8CFA /* Assets.xcassets */ = {isa = PBXFileReference; lastKnownFileType = folder.assetcatalog; path = Assets.xcassets; sourceTree = "<group>"; };
		AA689F8429F1BC96003B8CFA /* Base */ = {isa = PBXFileReference; lastKnownFileType = file.storyboard; name = Base; path = Base.lproj/LaunchScreen.storyboard; sourceTree = "<group>"; };
		AA689F8629F1BC96003B8CFA /* Info.plist */ = {isa = PBXFileReference; lastKnownFileType = text.plist.xml; path = Info.plist; sourceTree = "<group>"; };
		AA689F9029F1DA8E003B8CFA /* VideoCell.swift */ = {isa = PBXFileReference; lastKnownFileType = sourcecode.swift; path = VideoCell.swift; sourceTree = "<group>"; };
		AA689F9329F2C9EF003B8CFA /* String+Extension.swift */ = {isa = PBXFileReference; lastKnownFileType = sourcecode.swift; path = "String+Extension.swift"; sourceTree = "<group>"; };
		AA689F9529F30FFF003B8CFA /* MenuBar.swift */ = {isa = PBXFileReference; lastKnownFileType = sourcecode.swift; path = MenuBar.swift; sourceTree = "<group>"; };
		AA689F9729F5B3D9003B8CFA /* MenuBarCell.swift */ = {isa = PBXFileReference; lastKnownFileType = sourcecode.swift; path = MenuBarCell.swift; sourceTree = "<group>"; };
		AA689F9929F86099003B8CFA /* UIImageViewFromURL.swift */ = {isa = PBXFileReference; lastKnownFileType = sourcecode.swift; path = UIImageViewFromURL.swift; sourceTree = "<group>"; };
/* End PBXFileReference section */

/* Begin PBXFrameworksBuildPhase section */
		AA689F6F29F1BC94003B8CFA /* Frameworks */ = {
			isa = PBXFrameworksBuildPhase;
			buildActionMask = 2147483647;
			files = (
			);
			runOnlyForDeploymentPostprocessing = 0;
		};
/* End PBXFrameworksBuildPhase section */

/* Begin PBXGroup section */
		AA689F6929F1BC94003B8CFA = {
			isa = PBXGroup;
			children = (
				AA689F7429F1BC94003B8CFA /* proto-youtube-mock-ios */,
				AA689F7329F1BC94003B8CFA /* Products */,
			);
			sourceTree = "<group>";
		};
		AA689F7329F1BC94003B8CFA /* Products */ = {
			isa = PBXGroup;
			children = (
				AA689F7229F1BC94003B8CFA /* proto-youtube-mock-ios.app */,
			);
			name = Products;
			sourceTree = "<group>";
		};
		AA689F7429F1BC94003B8CFA /* proto-youtube-mock-ios */ = {
			isa = PBXGroup;
			children = (
				AA689F9229F2C9C8003B8CFA /* Helper */,
				AA689F8C29F1BCCE003B8CFA /* Screens */,
				AA689F7529F1BC94003B8CFA /* AppDelegate.swift */,
				AA689F7729F1BC94003B8CFA /* SceneDelegate.swift */,
				AA689F7B29F1BC94003B8CFA /* Main.storyboard */,
				AA689F8129F1BC96003B8CFA /* Assets.xcassets */,
				AA689F8329F1BC96003B8CFA /* LaunchScreen.storyboard */,
				AA689F8629F1BC96003B8CFA /* Info.plist */,
				AA689F7E29F1BC94003B8CFA /* proto_youtube_mock_ios.xcdatamodeld */,
			);
			path = "proto-youtube-mock-ios";
			sourceTree = "<group>";
		};
		AA689F8C29F1BCCE003B8CFA /* Screens */ = {
			isa = PBXGroup;
			children = (
				AA689F8D29F1BCD7003B8CFA /* Home */,
			);
			path = Screens;
			sourceTree = "<group>";
		};
		AA689F8D29F1BCD7003B8CFA /* Home */ = {
			isa = PBXGroup;
			children = (
				AA689F8F29F1BCF1003B8CFA /* Controller */,
				AA689F8E29F1BCE5003B8CFA /* View */,
			);
			path = Home;
			sourceTree = "<group>";
		};
		AA689F8E29F1BCE5003B8CFA /* View */ = {
			isa = PBXGroup;
			children = (
				AA689F9029F1DA8E003B8CFA /* VideoCell.swift */,
				AA689F9529F30FFF003B8CFA /* MenuBar.swift */,
				AA689F9729F5B3D9003B8CFA /* MenuBarCell.swift */,
			);
			path = View;
			sourceTree = "<group>";
		};
		AA689F8F29F1BCF1003B8CFA /* Controller */ = {
			isa = PBXGroup;
			children = (
				AA689F7929F1BC94003B8CFA /* HomeController.swift */,
			);
			path = Controller;
			sourceTree = "<group>";
		};
		AA689F9229F2C9C8003B8CFA /* Helper */ = {
			isa = PBXGroup;
			children = (
				AA689F9329F2C9EF003B8CFA /* String+Extension.swift */,
				AA689F9929F86099003B8CFA /* UIImageViewFromURL.swift */,
			);
			path = Helper;
			sourceTree = "<group>";
		};
/* End PBXGroup section */

/* Begin PBXNativeTarget section */
		AA689F7129F1BC94003B8CFA /* proto-youtube-mock-ios */ = {
			isa = PBXNativeTarget;
			buildConfigurationList = AA689F8929F1BC96003B8CFA /* Build configuration list for PBXNativeTarget "proto-youtube-mock-ios" */;
			buildPhases = (
				AA689F6E29F1BC94003B8CFA /* Sources */,
				AA689F6F29F1BC94003B8CFA /* Frameworks */,
				AA689F7029F1BC94003B8CFA /* Resources */,
			);
			buildRules = (
			);
			dependencies = (
			);
			name = "proto-youtube-mock-ios";
			productName = "proto-youtube-mock-ios";
			productReference = AA689F7229F1BC94003B8CFA /* proto-youtube-mock-ios.app */;
			productType = "com.apple.product-type.application";
		};
/* End PBXNativeTarget section */

/* Begin PBXProject section */
		AA689F6A29F1BC94003B8CFA /* Project object */ = {
			isa = PBXProject;
			attributes = {
				BuildIndependentTargetsInParallel = 1;
				LastSwiftUpdateCheck = 1430;
				LastUpgradeCheck = 1430;
				TargetAttributes = {
					AA689F7129F1BC94003B8CFA = {
						CreatedOnToolsVersion = 14.3;
					};
				};
			};
			buildConfigurationList = AA689F6D29F1BC94003B8CFA /* Build configuration list for PBXProject "proto-youtube-mock-ios" */;
			compatibilityVersion = "Xcode 14.0";
			developmentRegion = en;
			hasScannedForEncodings = 0;
			knownRegions = (
				en,
				Base,
			);
			mainGroup = AA689F6929F1BC94003B8CFA;
			productRefGroup = AA689F7329F1BC94003B8CFA /* Products */;
			projectDirPath = "";
			projectRoot = "";
			targets = (
				AA689F7129F1BC94003B8CFA /* proto-youtube-mock-ios */,
			);
		};
/* End PBXProject section */

/* Begin PBXResourcesBuildPhase section */
		AA689F7029F1BC94003B8CFA /* Resources */ = {
			isa = PBXResourcesBuildPhase;
			buildActionMask = 2147483647;
			files = (
				AA689F8529F1BC96003B8CFA /* LaunchScreen.storyboard in Resources */,
				AA689F8229F1BC96003B8CFA /* Assets.xcassets in Resources */,
				AA689F7D29F1BC94003B8CFA /* Main.storyboard in Resources */,
			);
			runOnlyForDeploymentPostprocessing = 0;
		};
/* End PBXResourcesBuildPhase section */

/* Begin PBXSourcesBuildPhase section */
		AA689F6E29F1BC94003B8CFA /* Sources */ = {
			isa = PBXSourcesBuildPhase;
			buildActionMask = 2147483647;
			files = (
				AA689F9129F1DA8E003B8CFA /* VideoCell.swift in Sources */,
				AA689F9A29F86099003B8CFA /* UIImageViewFromURL.swift in Sources */,
				AA689F7A29F1BC94003B8CFA /* HomeController.swift in Sources */,
				AA689F7629F1BC94003B8CFA /* AppDelegate.swift in Sources */,
				AA689F8029F1BC94003B8CFA /* proto_youtube_mock_ios.xcdatamodeld in Sources */,
				AA689F9429F2C9EF003B8CFA /* String+Extension.swift in Sources */,
				AA689F9629F30FFF003B8CFA /* MenuBar.swift in Sources */,
				AA689F9829F5B3D9003B8CFA /* MenuBarCell.swift in Sources */,
				AA689F7829F1BC94003B8CFA /* SceneDelegate.swift in Sources */,
			);
			runOnlyForDeploymentPostprocessing = 0;
		};
/* End PBXSourcesBuildPhase section */

/* Begin PBXVariantGroup section */
		AA689F7B29F1BC94003B8CFA /* Main.storyboard */ = {
			isa = PBXVariantGroup;
			children = (
				AA689F7C29F1BC94003B8CFA /* Base */,
			);
			name = Main.storyboard;
			sourceTree = "<group>";
		};
		AA689F8329F1BC96003B8CFA /* LaunchScreen.storyboard */ = {
			isa = PBXVariantGroup;
			children = (
				AA689F8429F1BC96003B8CFA /* Base */,
			);
			name = LaunchScreen.storyboard;
			sourceTree = "<group>";
		};
/* End PBXVariantGroup section */

/* Begin XCBuildConfiguration section */
		AA689F8729F1BC96003B8CFA /* Debug */ = {
			isa = XCBuildConfiguration;
			buildSettings = {
				ALWAYS_SEARCH_USER_PATHS = NO;
				CLANG_ANALYZER_NONNULL = YES;
				CLANG_ANALYZER_NUMBER_OBJECT_CONVERSION = YES_AGGRESSIVE;
				CLANG_CXX_LANGUAGE_STANDARD = "gnu++20";
				CLANG_ENABLE_MODULES = YES;
				CLANG_ENABLE_OBJC_ARC = YES;
				CLANG_ENABLE_OBJC_WEAK = YES;
				CLANG_WARN_BLOCK_CAPTURE_AUTORELEASING = YES;
				CLANG_WARN_BOOL_CONVERSION = YES;
				CLANG_WARN_COMMA = YES;
				CLANG_WARN_CONSTANT_CONVERSION = YES;
				CLANG_WARN_DEPRECATED_OBJC_IMPLEMENTATIONS = YES;
				CLANG_WARN_DIRECT_OBJC_ISA_USAGE = YES_ERROR;
				CLANG_WARN_DOCUMENTATION_COMMENTS = YES;
				CLANG_WARN_EMPTY_BODY = YES;
				CLANG_WARN_ENUM_CONVERSION = YES;
				CLANG_WARN_INFINITE_RECURSION = YES;
				CLANG_WARN_INT_CONVERSION = YES;
				CLANG_WARN_NON_LITERAL_NULL_CONVERSION = YES;
				CLANG_WARN_OBJC_IMPLICIT_RETAIN_SELF = YES;
				CLANG_WARN_OBJC_LITERAL_CONVERSION = YES;
				CLANG_WARN_OBJC_ROOT_CLASS = YES_ERROR;
				CLANG_WARN_QUOTED_INCLUDE_IN_FRAMEWORK_HEADER = YES;
				CLANG_WARN_RANGE_LOOP_ANALYSIS = YES;
				CLANG_WARN_STRICT_PROTOTYPES = YES;
				CLANG_WARN_SUSPICIOUS_MOVE = YES;
				CLANG_WARN_UNGUARDED_AVAILABILITY = YES_AGGRESSIVE;
				CLANG_WARN_UNREACHABLE_CODE = YES;
				CLANG_WARN__DUPLICATE_METHOD_MATCH = YES;
				COPY_PHASE_STRIP = NO;
				DEBUG_INFORMATION_FORMAT = dwarf;
				ENABLE_STRICT_OBJC_MSGSEND = YES;
				ENABLE_TESTABILITY = YES;
				GCC_C_LANGUAGE_STANDARD = gnu11;
				GCC_DYNAMIC_NO_PIC = NO;
				GCC_NO_COMMON_BLOCKS = YES;
				GCC_OPTIMIZATION_LEVEL = 0;
				GCC_PREPROCESSOR_DEFINITIONS = (
					"DEBUG=1",
					"$(inherited)",
				);
				GCC_WARN_64_TO_32_BIT_CONVERSION = YES;
				GCC_WARN_ABOUT_RETURN_TYPE = YES_ERROR;
				GCC_WARN_UNDECLARED_SELECTOR = YES;
				GCC_WARN_UNINITIALIZED_AUTOS = YES_AGGRESSIVE;
				GCC_WARN_UNUSED_FUNCTION = YES;
				GCC_WARN_UNUSED_VARIABLE = YES;
				IPHONEOS_DEPLOYMENT_TARGET = 16.4;
				MTL_ENABLE_DEBUG_INFO = INCLUDE_SOURCE;
				MTL_FAST_MATH = YES;
				ONLY_ACTIVE_ARCH = YES;
				SDKROOT = iphoneos;
				SWIFT_ACTIVE_COMPILATION_CONDITIONS = DEBUG;
				SWIFT_OPTIMIZATION_LEVEL = "-Onone";
			};
			name = Debug;
		};
		AA689F8829F1BC96003B8CFA /* Release */ = {
			isa = XCBuildConfiguration;
			buildSettings = {
				ALWAYS_SEARCH_USER_PATHS = NO;
				CLANG_ANALYZER_NONNULL = YES;
				CLANG_ANALYZER_NUMBER_OBJECT_CONVERSION = YES_AGGRESSIVE;
				CLANG_CXX_LANGUAGE_STANDARD = "gnu++20";
				CLANG_ENABLE_MODULES = YES;
				CLANG_ENABLE_OBJC_ARC = YES;
				CLANG_ENABLE_OBJC_WEAK = YES;
				CLANG_WARN_BLOCK_CAPTURE_AUTORELEASING = YES;
				CLANG_WARN_BOOL_CONVERSION = YES;
				CLANG_WARN_COMMA = YES;
				CLANG_WARN_CONSTANT_CONVERSION = YES;
				CLANG_WARN_DEPRECATED_OBJC_IMPLEMENTATIONS = YES;
				CLANG_WARN_DIRECT_OBJC_ISA_USAGE = YES_ERROR;
				CLANG_WARN_DOCUMENTATION_COMMENTS = YES;
				CLANG_WARN_EMPTY_BODY = YES;
				CLANG_WARN_ENUM_CONVERSION = YES;
				CLANG_WARN_INFINITE_RECURSION = YES;
				CLANG_WARN_INT_CONVERSION = YES;
				CLANG_WARN_NON_LITERAL_NULL_CONVERSION = YES;
				CLANG_WARN_OBJC_IMPLICIT_RETAIN_SELF = YES;
				CLANG_WARN_OBJC_LITERAL_CONVERSION = YES;
				CLANG_WARN_OBJC_ROOT_CLASS = YES_ERROR;
				CLANG_WARN_QUOTED_INCLUDE_IN_FRAMEWORK_HEADER = YES;
				CLANG_WARN_RANGE_LOOP_ANALYSIS = YES;
				CLANG_WARN_STRICT_PROTOTYPES = YES;
				CLANG_WARN_SUSPICIOUS_MOVE = YES;
				CLANG_WARN_UNGUARDED_AVAILABILITY = YES_AGGRESSIVE;
				CLANG_WARN_UNREACHABLE_CODE = YES;
				CLANG_WARN__DUPLICATE_METHOD_MATCH = YES;
				COPY_PHASE_STRIP = NO;
				DEBUG_INFORMATION_FORMAT = "dwarf-with-dsym";
				ENABLE_NS_ASSERTIONS = NO;
				ENABLE_STRICT_OBJC_MSGSEND = YES;
				GCC_C_LANGUAGE_STANDARD = gnu11;
				GCC_NO_COMMON_BLOCKS = YES;
				GCC_WARN_64_TO_32_BIT_CONVERSION = YES;
				GCC_WARN_ABOUT_RETURN_TYPE = YES_ERROR;
				GCC_WARN_UNDECLARED_SELECTOR = YES;
				GCC_WARN_UNINITIALIZED_AUTOS = YES_AGGRESSIVE;
				GCC_WARN_UNUSED_FUNCTION = YES;
				GCC_WARN_UNUSED_VARIABLE = YES;
				IPHONEOS_DEPLOYMENT_TARGET = 16.4;
				MTL_ENABLE_DEBUG_INFO = NO;
				MTL_FAST_MATH = YES;
				SDKROOT = iphoneos;
				SWIFT_COMPILATION_MODE = wholemodule;
				SWIFT_OPTIMIZATION_LEVEL = "-O";
				VALIDATE_PRODUCT = YES;
			};
			name = Release;
		};
		AA689F8A29F1BC96003B8CFA /* Debug */ = {
			isa = XCBuildConfiguration;
			buildSettings = {
				ASSETCATALOG_COMPILER_APPICON_NAME = AppIcon;
				ASSETCATALOG_COMPILER_GLOBAL_ACCENT_COLOR_NAME = AccentColor;
				CODE_SIGN_STYLE = Automatic;
				CURRENT_PROJECT_VERSION = 1;
				GENERATE_INFOPLIST_FILE = YES;
				INFOPLIST_FILE = "proto-youtube-mock-ios/Info.plist";
				INFOPLIST_KEY_UIApplicationSupportsIndirectInputEvents = YES;
				INFOPLIST_KEY_UILaunchStoryboardName = LaunchScreen;
				INFOPLIST_KEY_UIMainStoryboardFile = Main;
				INFOPLIST_KEY_UISupportedInterfaceOrientations_iPad = "UIInterfaceOrientationPortrait UIInterfaceOrientationPortraitUpsideDown UIInterfaceOrientationLandscapeLeft UIInterfaceOrientationLandscapeRight";
				INFOPLIST_KEY_UISupportedInterfaceOrientations_iPhone = "UIInterfaceOrientationPortrait UIInterfaceOrientationLandscapeLeft UIInterfaceOrientationLandscapeRight";
				LD_RUNPATH_SEARCH_PATHS = (
					"$(inherited)",
					"@executable_path/Frameworks",
				);
				MARKETING_VERSION = 1.0;
				PRODUCT_BUNDLE_IDENTIFIER = "com.sankris.proto-youtube-mock-ios";
				PRODUCT_NAME = "$(TARGET_NAME)";
				SWIFT_EMIT_LOC_STRINGS = YES;
				SWIFT_VERSION = 5.0;
				TARGETED_DEVICE_FAMILY = "1,2";
			};
			name = Debug;
		};
		AA689F8B29F1BC96003B8CFA /* Release */ = {
			isa = XCBuildConfiguration;
			buildSettings = {
				ASSETCATALOG_COMPILER_APPICON_NAME = AppIcon;
				ASSETCATALOG_COMPILER_GLOBAL_ACCENT_COLOR_NAME = AccentColor;
				CODE_SIGN_STYLE = Automatic;
				CURRENT_PROJECT_VERSION = 1;
				GENERATE_INFOPLIST_FILE = YES;
				INFOPLIST_FILE = "proto-youtube-mock-ios/Info.plist";
				INFOPLIST_KEY_UIApplicationSupportsIndirectInputEvents = YES;
				INFOPLIST_KEY_UILaunchStoryboardName = LaunchScreen;
				INFOPLIST_KEY_UIMainStoryboardFile = Main;
				INFOPLIST_KEY_UISupportedInterfaceOrientations_iPad = "UIInterfaceOrientationPortrait UIInterfaceOrientationPortraitUpsideDown UIInterfaceOrientationLandscapeLeft UIInterfaceOrientationLandscapeRight";
				INFOPLIST_KEY_UISupportedInterfaceOrientations_iPhone = "UIInterfaceOrientationPortrait UIInterfaceOrientationLandscapeLeft UIInterfaceOrientationLandscapeRight";
				LD_RUNPATH_SEARCH_PATHS = (
					"$(inherited)",
					"@executable_path/Frameworks",
				);
				MARKETING_VERSION = 1.0;
				PRODUCT_BUNDLE_IDENTIFIER = "com.sankris.proto-youtube-mock-ios";
				PRODUCT_NAME = "$(TARGET_NAME)";
				SWIFT_EMIT_LOC_STRINGS = YES;
				SWIFT_VERSION = 5.0;
				TARGETED_DEVICE_FAMILY = "1,2";
			};
			name = Release;
		};
/* End XCBuildConfiguration section */

/* Begin XCConfigurationList section */
		AA689F6D29F1BC94003B8CFA /* Build configuration list for PBXProject "proto-youtube-mock-ios" */ = {
			isa = XCConfigurationList;
			buildConfigurations = (
				AA689F8729F1BC96003B8CFA /* Debug */,
				AA689F8829F1BC96003B8CFA /* Release */,
			);
			defaultConfigurationIsVisible = 0;
			defaultConfigurationName = Release;
		};
		AA689F8929F1BC96003B8CFA /* Build configuration list for PBXNativeTarget "proto-youtube-mock-ios" */ = {
			isa = XCConfigurationList;
			buildConfigurations = (
				AA689F8A29F1BC96003B8CFA /* Debug */,
				AA689F8B29F1BC96003B8CFA /* Release */,
			);
			defaultConfigurationIsVisible = 0;
			defaultConfigurationName = Release;
		};
/* End XCConfigurationList section */

/* Begin XCVersionGroup section */
		AA689F7E29F1BC94003B8CFA /* proto_youtube_mock_ios.xcdatamodeld */ = {
			isa = XCVersionGroup;
			children = (
				AA689F7F29F1BC94003B8CFA /* proto_youtube_mock_ios.xcdatamodel */,
			);
			currentVersion = AA689F7F29F1BC94003B8CFA /* proto_youtube_mock_ios.xcdatamodel */;
			path = proto_youtube_mock_ios.xcdatamodeld;
			sourceTree = "<group>";
			versionGroupType = wrapper.xcdatamodel;
		};
/* End XCVersionGroup section */
	};
	rootObject = AA689F6A29F1BC94003B8CFA /* Project object */;
}
